// !$*UTF8*$!
{
	archiveVersion = 1;
	classes = {
	};
	objectVersion = 46;
	objects = {

/* Begin PBXBuildFile section */
		3E9623321AEFA24600166234 /* main.m in Sources */ = {isa = PBXBuildFile; fileRef = 3E9623311AEFA24600166234 /* main.m */; };
		3E9623351AEFA24600166234 /* AppDelegate.m in Sources */ = {isa = PBXBuildFile; fileRef = 3E9623341AEFA24600166234 /* AppDelegate.m */; };
		3E9623381AEFA24600166234 /* ViewController.m in Sources */ = {isa = PBXBuildFile; fileRef = 3E9623371AEFA24600166234 /* ViewController.m */; };
		3E96233B1AEFA24600166234 /* Main.storyboard in Resources */ = {isa = PBXBuildFile; fileRef = 3E9623391AEFA24600166234 /* Main.storyboard */; };
		3E96233D1AEFA24600166234 /* Images.xcassets in Resources */ = {isa = PBXBuildFile; fileRef = 3E96233C1AEFA24600166234 /* Images.xcassets */; };
		3E9623401AEFA24600166234 /* LaunchScreen.xib in Resources */ = {isa = PBXBuildFile; fileRef = 3E96233E1AEFA24600166234 /* LaunchScreen.xib */; };
		3E96234C1AEFA24600166234 /* TestZeroMQObjC2Tests.m in Sources */ = {isa = PBXBuildFile; fileRef = 3E96234B1AEFA24600166234 /* TestZeroMQObjC2Tests.m */; };
		8DF93D179488C69545C6529B /* libPods-TestZeroMQObjC2.a in Frameworks */ = {isa = PBXBuildFile; fileRef = 6E4CE697B752339324FAC99B /* libPods-TestZeroMQObjC2.a */; };
/* End PBXBuildFile section */

/* Begin PBXContainerItemProxy section */
		3E9623461AEFA24600166234 /* PBXContainerItemProxy */ = {
			isa = PBXContainerItemProxy;
			containerPortal = 3E9623241AEFA24600166234 /* Project object */;
			proxyType = 1;
			remoteGlobalIDString = 3E96232B1AEFA24600166234;
			remoteInfo = TestZeroMQObjC2;
		};
/* End PBXContainerItemProxy section */

/* Begin PBXFileReference section */
		3E96232C1AEFA24600166234 /* TestZeroMQObjC2.app */ = {isa = PBXFileReference; explicitFileType = wrapper.application; includeInIndex = 0; path = TestZeroMQObjC2.app; sourceTree = BUILT_PRODUCTS_DIR; };
		3E9623301AEFA24600166234 /* Info.plist */ = {isa = PBXFileReference; lastKnownFileType = text.plist.xml; path = Info.plist; sourceTree = "<group>"; };
		3E9623311AEFA24600166234 /* main.m */ = {isa = PBXFileReference; lastKnownFileType = sourcecode.c.objc; path = main.m; sourceTree = "<group>"; };
		3E9623331AEFA24600166234 /* AppDelegate.h */ = {isa = PBXFileReference; lastKnownFileType = sourcecode.c.h; path = AppDelegate.h; sourceTree = "<group>"; };
		3E9623341AEFA24600166234 /* AppDelegate.m */ = {isa = PBXFileReference; lastKnownFileType = sourcecode.c.objc; path = AppDelegate.m; sourceTree = "<group>"; };
		3E9623361AEFA24600166234 /* ViewController.h */ = {isa = PBXFileReference; lastKnownFileType = sourcecode.c.h; path = ViewController.h; sourceTree = "<group>"; };
		3E9623371AEFA24600166234 /* ViewController.m */ = {isa = PBXFileReference; lastKnownFileType = sourcecode.c.objc; path = ViewController.m; sourceTree = "<group>"; };
		3E96233A1AEFA24600166234 /* Base */ = {isa = PBXFileReference; lastKnownFileType = file.storyboard; name = Base; path = Base.lproj/Main.storyboard; sourceTree = "<group>"; };
		3E96233C1AEFA24600166234 /* Images.xcassets */ = {isa = PBXFileReference; lastKnownFileType = folder.assetcatalog; path = Images.xcassets; sourceTree = "<group>"; };
		3E96233F1AEFA24600166234 /* Base */ = {isa = PBXFileReference; lastKnownFileType = file.xib; name = Base; path = Base.lproj/LaunchScreen.xib; sourceTree = "<group>"; };
		3E9623451AEFA24600166234 /* TestZeroMQObjC2Tests.xctest */ = {isa = PBXFileReference; explicitFileType = wrapper.cfbundle; includeInIndex = 0; path = TestZeroMQObjC2Tests.xctest; sourceTree = BUILT_PRODUCTS_DIR; };
		3E96234A1AEFA24600166234 /* Info.plist */ = {isa = PBXFileReference; lastKnownFileType = text.plist.xml; path = Info.plist; sourceTree = "<group>"; };
		3E96234B1AEFA24600166234 /* TestZeroMQObjC2Tests.m */ = {isa = PBXFileReference; lastKnownFileType = sourcecode.c.objc; path = TestZeroMQObjC2Tests.m; sourceTree = "<group>"; };
		6E4CE697B752339324FAC99B /* libPods-TestZeroMQObjC2.a */ = {isa = PBXFileReference; explicitFileType = archive.ar; includeInIndex = 0; path = "libPods-TestZeroMQObjC2.a"; sourceTree = BUILT_PRODUCTS_DIR; };
		C46D40E17876E39207509B7F /* Pods-TestZeroMQObjC2.debug.xcconfig */ = {isa = PBXFileReference; includeInIndex = 1; lastKnownFileType = text.xcconfig; name = "Pods-TestZeroMQObjC2.debug.xcconfig"; path = "Pods/Target Support Files/Pods-TestZeroMQObjC2/Pods-TestZeroMQObjC2.debug.xcconfig"; sourceTree = "<group>"; };
		E88FF442A0E4AEED4B8878A9 /* Pods-TestZeroMQObjC2.release.xcconfig */ = {isa = PBXFileReference; includeInIndex = 1; lastKnownFileType = text.xcconfig; name = "Pods-TestZeroMQObjC2.release.xcconfig"; path = "Pods/Target Support Files/Pods-TestZeroMQObjC2/Pods-TestZeroMQObjC2.release.xcconfig"; sourceTree = "<group>"; };
/* End PBXFileReference section */

/* Begin PBXFrameworksBuildPhase section */
		3E9623291AEFA24600166234 /* Frameworks */ = {
			isa = PBXFrameworksBuildPhase;
			buildActionMask = 2147483647;
			files = (
				8DF93D179488C69545C6529B /* libPods-TestZeroMQObjC2.a in Frameworks */,
			);
			runOnlyForDeploymentPostprocessing = 0;
		};
		3E9623421AEFA24600166234 /* Frameworks */ = {
			isa = PBXFrameworksBuildPhase;
			buildActionMask = 2147483647;
			files = (
			);
			runOnlyForDeploymentPostprocessing = 0;
		};
/* End PBXFrameworksBuildPhase section */

/* Begin PBXGroup section */
		3E9623231AEFA24600166234 = {
			isa = PBXGroup;
			children = (
				3E96232E1AEFA24600166234 /* TestZeroMQObjC2 */,
				3E9623481AEFA24600166234 /* TestZeroMQObjC2Tests */,
				3E96232D1AEFA24600166234 /* Products */,
				BFC8B287CBA3BFBDBFBD5559 /* Pods */,
				B93B792380CA8386D325A765 /* Frameworks */,
			);
			sourceTree = "<group>";
		};
		3E96232D1AEFA24600166234 /* Products */ = {
			isa = PBXGroup;
			children = (
				3E96232C1AEFA24600166234 /* TestZeroMQObjC2.app */,
				3E9623451AEFA24600166234 /* TestZeroMQObjC2Tests.xctest */,
			);
			name = Products;
			sourceTree = "<group>";
		};
		3E96232E1AEFA24600166234 /* TestZeroMQObjC2 */ = {
			isa = PBXGroup;
			children = (
				3E9623331AEFA24600166234 /* AppDelegate.h */,
				3E9623341AEFA24600166234 /* AppDelegate.m */,
				3E9623361AEFA24600166234 /* ViewController.h */,
				3E9623371AEFA24600166234 /* ViewController.m */,
				3E9623391AEFA24600166234 /* Main.storyboard */,
				3E96233C1AEFA24600166234 /* Images.xcassets */,
				3E96233E1AEFA24600166234 /* LaunchScreen.xib */,
				3E96232F1AEFA24600166234 /* Supporting Files */,
			);
			path = TestZeroMQObjC2;
			sourceTree = "<group>";
		};
		3E96232F1AEFA24600166234 /* Supporting Files */ = {
			isa = PBXGroup;
			children = (
				3E9623301AEFA24600166234 /* Info.plist */,
				3E9623311AEFA24600166234 /* main.m */,
			);
			name = "Supporting Files";
			sourceTree = "<group>";
		};
		3E9623481AEFA24600166234 /* TestZeroMQObjC2Tests */ = {
			isa = PBXGroup;
			children = (
				3E96234B1AEFA24600166234 /* TestZeroMQObjC2Tests.m */,
				3E9623491AEFA24600166234 /* Supporting Files */,
			);
			path = TestZeroMQObjC2Tests;
			sourceTree = "<group>";
		};
		3E9623491AEFA24600166234 /* Supporting Files */ = {
			isa = PBXGroup;
			children = (
				3E96234A1AEFA24600166234 /* Info.plist */,
			);
			name = "Supporting Files";
			sourceTree = "<group>";
		};
		B93B792380CA8386D325A765 /* Frameworks */ = {
			isa = PBXGroup;
			children = (
				6E4CE697B752339324FAC99B /* libPods-TestZeroMQObjC2.a */,
			);
			name = Frameworks;
			sourceTree = "<group>";
		};
		BFC8B287CBA3BFBDBFBD5559 /* Pods */ = {
			isa = PBXGroup;
			children = (
				C46D40E17876E39207509B7F /* Pods-TestZeroMQObjC2.debug.xcconfig */,
				E88FF442A0E4AEED4B8878A9 /* Pods-TestZeroMQObjC2.release.xcconfig */,
			);
			name = Pods;
			sourceTree = "<group>";
		};
/* End PBXGroup section */

/* Begin PBXNativeTarget section */
		3E96232B1AEFA24600166234 /* TestZeroMQObjC2 */ = {
			isa = PBXNativeTarget;
			buildConfigurationList = 3E96234F1AEFA24600166234 /* Build configuration list for PBXNativeTarget "TestZeroMQObjC2" */;
			buildPhases = (
				7548BEF0D5F36B57936A1173 /* Check Pods Manifest.lock */,
				3E9623281AEFA24600166234 /* Sources */,
				3E9623291AEFA24600166234 /* Frameworks */,
				3E96232A1AEFA24600166234 /* Resources */,
				033DF79653E9A86CA143FC90 /* Copy Pods Resources */,
			);
			buildRules = (
			);
			dependencies = (
			);
			name = TestZeroMQObjC2;
			productName = TestZeroMQObjC2;
			productReference = 3E96232C1AEFA24600166234 /* TestZeroMQObjC2.app */;
			productType = "com.apple.product-type.application";
		};
		3E9623441AEFA24600166234 /* TestZeroMQObjC2Tests */ = {
			isa = PBXNativeTarget;
			buildConfigurationList = 3E9623521AEFA24600166234 /* Build configuration list for PBXNativeTarget "TestZeroMQObjC2Tests" */;
			buildPhases = (
				3E9623411AEFA24600166234 /* Sources */,
				3E9623421AEFA24600166234 /* Frameworks */,
				3E9623431AEFA24600166234 /* Resources */,
			);
			buildRules = (
			);
			dependencies = (
				3E9623471AEFA24600166234 /* PBXTargetDependency */,
			);
			name = TestZeroMQObjC2Tests;
			productName = TestZeroMQObjC2Tests;
			productReference = 3E9623451AEFA24600166234 /* TestZeroMQObjC2Tests.xctest */;
			productType = "com.apple.product-type.bundle.unit-test";
		};
/* End PBXNativeTarget section */

/* Begin PBXProject section */
		3E9623241AEFA24600166234 /* Project object */ = {
			isa = PBXProject;
			attributes = {
				LastUpgradeCheck = 0630;
				ORGANIZATIONNAME = "Hello HQ Pte. Ltd.";
				TargetAttributes = {
					3E96232B1AEFA24600166234 = {
						CreatedOnToolsVersion = 6.3;
					};
					3E9623441AEFA24600166234 = {
						CreatedOnToolsVersion = 6.3;
						TestTargetID = 3E96232B1AEFA24600166234;
					};
				};
			};
			buildConfigurationList = 3E9623271AEFA24600166234 /* Build configuration list for PBXProject "TestZeroMQObjC2" */;
			compatibilityVersion = "Xcode 3.2";
			developmentRegion = English;
			hasScannedForEncodings = 0;
			knownRegions = (
				en,
				Base,
			);
			mainGroup = 3E9623231AEFA24600166234;
			productRefGroup = 3E96232D1AEFA24600166234 /* Products */;
			projectDirPath = "";
			projectRoot = "";
			targets = (
				3E96232B1AEFA24600166234 /* TestZeroMQObjC2 */,
				3E9623441AEFA24600166234 /* TestZeroMQObjC2Tests */,
			);
		};
/* End PBXProject section */

/* Begin PBXResourcesBuildPhase section */
		3E96232A1AEFA24600166234 /* Resources */ = {
			isa = PBXResourcesBuildPhase;
			buildActionMask = 2147483647;
			files = (
				3E96233B1AEFA24600166234 /* Main.storyboard in Resources */,
				3E9623401AEFA24600166234 /* LaunchScreen.xib in Resources */,
				3E96233D1AEFA24600166234 /* Images.xcassets in Resources */,
			);
			runOnlyForDeploymentPostprocessing = 0;
		};
		3E9623431AEFA24600166234 /* Resources */ = {
			isa = PBXResourcesBuildPhase;
			buildActionMask = 2147483647;
			files = (
			);
			runOnlyForDeploymentPostprocessing = 0;
		};
/* End PBXResourcesBuildPhase section */

/* Begin PBXShellScriptBuildPhase section */
		033DF79653E9A86CA143FC90 /* Copy Pods Resources */ = {
			isa = PBXShellScriptBuildPhase;
			buildActionMask = 2147483647;
			files = (
			);
			inputPaths = (
			);
			name = "Copy Pods Resources";
			outputPaths = (
			);
			runOnlyForDeploymentPostprocessing = 0;
			shellPath = /bin/sh;
			shellScript = "\"${SRCROOT}/Pods/Target Support Files/Pods-TestZeroMQObjC2/Pods-TestZeroMQObjC2-resources.sh\"\n";
			showEnvVarsInLog = 0;
		};
		7548BEF0D5F36B57936A1173 /* Check Pods Manifest.lock */ = {
			isa = PBXShellScriptBuildPhase;
			buildActionMask = 2147483647;
			files = (
			);
			inputPaths = (
			);
			name = "Check Pods Manifest.lock";
			outputPaths = (
			);
			runOnlyForDeploymentPostprocessing = 0;
			shellPath = /bin/sh;
			shellScript = "diff \"${PODS_ROOT}/../Podfile.lock\" \"${PODS_ROOT}/Manifest.lock\" > /dev/null\nif [[ $? != 0 ]] ; then\n    cat << EOM\nerror: The sandbox is not in sync with the Podfile.lock. Run 'pod install' or update your CocoaPods installation.\nEOM\n    exit 1\nfi\n";
			showEnvVarsInLog = 0;
		};
/* End PBXShellScriptBuildPhase section */

/* Begin PBXSourcesBuildPhase section */
		3E9623281AEFA24600166234 /* Sources */ = {
			isa = PBXSourcesBuildPhase;
			buildActionMask = 2147483647;
			files = (
				3E9623381AEFA24600166234 /* ViewController.m in Sources */,
				3E9623351AEFA24600166234 /* AppDelegate.m in Sources */,
				3E9623321AEFA24600166234 /* main.m in Sources */,
			);
			runOnlyForDeploymentPostprocessing = 0;
		};
		3E9623411AEFA24600166234 /* Sources */ = {
			isa = PBXSourcesBuildPhase;
			buildActionMask = 2147483647;
			files = (
				3E96234C1AEFA24600166234 /* TestZeroMQObjC2Tests.m in Sources */,
			);
			runOnlyForDeploymentPostprocessing = 0;
		};
/* End PBXSourcesBuildPhase section */

/* Begin PBXTargetDependency section */
		3E9623471AEFA24600166234 /* PBXTargetDependency */ = {
			isa = PBXTargetDependency;
			target = 3E96232B1AEFA24600166234 /* TestZeroMQObjC2 */;
			targetProxy = 3E9623461AEFA24600166234 /* PBXContainerItemProxy */;
		};
/* End PBXTargetDependency section */

/* Begin PBXVariantGroup section */
		3E9623391AEFA24600166234 /* Main.storyboard */ = {
			isa = PBXVariantGroup;
			children = (
				3E96233A1AEFA24600166234 /* Base */,
			);
			name = Main.storyboard;
			sourceTree = "<group>";
		};
		3E96233E1AEFA24600166234 /* LaunchScreen.xib */ = {
			isa = PBXVariantGroup;
			children = (
				3E96233F1AEFA24600166234 /* Base */,
			);
			name = LaunchScreen.xib;
			sourceTree = "<group>";
		};
/* End PBXVariantGroup section */

/* Begin XCBuildConfiguration section */
		3E96234D1AEFA24600166234 /* Debug */ = {
			isa = XCBuildConfiguration;
			buildSettings = {
				ALWAYS_SEARCH_USER_PATHS = NO;
				CLANG_CXX_LANGUAGE_STANDARD = "gnu++0x";
				CLANG_CXX_LIBRARY = "libc++";
				CLANG_ENABLE_MODULES = YES;
				CLANG_ENABLE_OBJC_ARC = YES;
				CLANG_WARN_BOOL_CONVERSION = YES;
				CLANG_WARN_CONSTANT_CONVERSION = YES;
				CLANG_WARN_DIRECT_OBJC_ISA_USAGE = YES_ERROR;
				CLANG_WARN_EMPTY_BODY = YES;
				CLANG_WARN_ENUM_CONVERSION = YES;
				CLANG_WARN_INT_CONVERSION = YES;
				CLANG_WARN_OBJC_ROOT_CLASS = YES_ERROR;
				CLANG_WARN_UNREACHABLE_CODE = YES;
				CLANG_WARN__DUPLICATE_METHOD_MATCH = YES;
				"CODE_SIGN_IDENTITY[sdk=iphoneos*]" = "iPhone Developer";
				COPY_PHASE_STRIP = NO;
				DEBUG_INFORMATION_FORMAT = "dwarf-with-dsym";
				ENABLE_STRICT_OBJC_MSGSEND = YES;
				GCC_C_LANGUAGE_STANDARD = gnu99;
				GCC_DYNAMIC_NO_PIC = NO;
				GCC_NO_COMMON_BLOCKS = YES;
				GCC_OPTIMIZATION_LEVEL = 0;
				GCC_PREPROCESSOR_DEFINITIONS = (
					"DEBUG=1",
					"$(inherited)",
				);
				GCC_SYMBOLS_PRIVATE_EXTERN = NO;
				GCC_WARN_64_TO_32_BIT_CONVERSION = YES;
				GCC_WARN_ABOUT_RETURN_TYPE = YES_ERROR;
				GCC_WARN_UNDECLARED_SELECTOR = YES;
				GCC_WARN_UNINITIALIZED_AUTOS = YES_AGGRESSIVE;
				GCC_WARN_UNUSED_FUNCTION = YES;
				GCC_WARN_UNUSED_VARIABLE = YES;
				IPHONEOS_DEPLOYMENT_TARGET = 8.3;
				MTL_ENABLE_DEBUG_INFO = YES;
				ONLY_ACTIVE_ARCH = YES;
				SDKROOT = iphoneos;
				TARGETED_DEVICE_FAMILY = "1,2";
			};
			name = Debug;
		};
		3E96234E1AEFA24600166234 /* Release */ = {
			isa = XCBuildConfiguration;
			buildSettings = {
				ALWAYS_SEARCH_USER_PATHS = NO;
				CLANG_CXX_LANGUAGE_STANDARD = "gnu++0x";
				CLANG_CXX_LIBRARY = "libc++";
				CLANG_ENABLE_MODULES = YES;
				CLANG_ENABLE_OBJC_ARC = YES;
				CLANG_WARN_BOOL_CONVERSION = YES;
				CLANG_WARN_CONSTANT_CONVERSION = YES;
				CLANG_WARN_DIRECT_OBJC_ISA_USAGE = YES_ERROR;
				CLANG_WARN_EMPTY_BODY = YES;
				CLANG_WARN_ENUM_CONVERSION = YES;
				CLANG_WARN_INT_CONVERSION = YES;
				CLANG_WARN_OBJC_ROOT_CLASS = YES_ERROR;
				CLANG_WARN_UNREACHABLE_CODE = YES;
				CLANG_WARN__DUPLICATE_METHOD_MATCH = YES;
				"CODE_SIGN_IDENTITY[sdk=iphoneos*]" = "iPhone Developer";
				COPY_PHASE_STRIP = NO;
				DEBUG_INFORMATION_FORMAT = "dwarf-with-dsym";
				ENABLE_NS_ASSERTIONS = NO;
				ENABLE_STRICT_OBJC_MSGSEND = YES;
				GCC_C_LANGUAGE_STANDARD = gnu99;
				GCC_NO_COMMON_BLOCKS = YES;
				GCC_WARN_64_TO_32_BIT_CONVERSION = YES;
				GCC_WARN_ABOUT_RETURN_TYPE = YES_ERROR;
				GCC_WARN_UNDECLARED_SELECTOR = YES;
				GCC_WARN_UNINITIALIZED_AUTOS = YES_AGGRESSIVE;
				GCC_WARN_UNUSED_FUNCTION = YES;
				GCC_WARN_UNUSED_VARIABLE = YES;
				IPHONEOS_DEPLOYMENT_TARGET = 8.3;
				MTL_ENABLE_DEBUG_INFO = NO;
				SDKROOT = iphoneos;
				TARGETED_DEVICE_FAMILY = "1,2";
				VALIDATE_PRODUCT = YES;
			};
			name = Release;
		};
		3E9623501AEFA24600166234 /* Debug */ = {
			isa = XCBuildConfiguration;
			baseConfigurationReference = C46D40E17876E39207509B7F /* Pods-TestZeroMQObjC2.debug.xcconfig */;
			buildSettings = {
				ASSETCATALOG_COMPILER_APPICON_NAME = AppIcon;
				INFOPLIST_FILE = TestZeroMQObjC2/Info.plist;
				LD_RUNPATH_SEARCH_PATHS = "$(inherited) @executable_path/Frameworks";
				PRODUCT_NAME = "$(TARGET_NAME)";
			};
			name = Debug;
		};
		3E9623511AEFA24600166234 /* Release */ = {
			isa = XCBuildConfiguration;
			baseConfigurationReference = E88FF442A0E4AEED4B8878A9 /* Pods-TestZeroMQObjC2.release.xcconfig */;
			buildSettings = {
				ASSETCATALOG_COMPILER_APPICON_NAME = AppIcon;
				INFOPLIST_FILE = TestZeroMQObjC2/Info.plist;
				LD_RUNPATH_SEARCH_PATHS = "$(inherited) @executable_path/Frameworks";
				PRODUCT_NAME = "$(TARGET_NAME)";
			};
			name = Release;
		};
		3E9623531AEFA24600166234 /* Debug */ = {
			isa = XCBuildConfiguration;
			buildSettings = {
				BUNDLE_LOADER = "$(TEST_HOST)";
				FRAMEWORK_SEARCH_PATHS = (
					"$(SDKROOT)/Developer/Library/Frameworks",
					"$(inherited)",
				);
				GCC_PREPROCESSOR_DEFINITIONS = (
					"DEBUG=1",
					"$(inherited)",
				);
				INFOPLIST_FILE = TestZeroMQObjC2Tests/Info.plist;
				LD_RUNPATH_SEARCH_PATHS = "$(inherited) @executable_path/Frameworks @loader_path/Frameworks";
				PRODUCT_NAME = "$(TARGET_NAME)";
				TEST_HOST = "$(BUILT_PRODUCTS_DIR)/TestZeroMQObjC2.app/TestZeroMQObjC2";
			};
			name = Debug;
		};
		3E9623541AEFA24600166234 /* Release */ = {
			isa = XCBuildConfiguration;
			buildSettings = {
				BUNDLE_LOADER = "$(TEST_HOST)";
				FRAMEWORK_SEARCH_PATHS = (
					"$(SDKROOT)/Developer/Library/Frameworks",
					"$(inherited)",
				);
				INFOPLIST_FILE = TestZeroMQObjC2Tests/Info.plist;
				LD_RUNPATH_SEARCH_PATHS = "$(inherited) @executable_path/Frameworks @loader_path/Frameworks";
				PRODUCT_NAME = "$(TARGET_NAME)";
				TEST_HOST = "$(BUILT_PRODUCTS_DIR)/TestZeroMQObjC2.app/TestZeroMQObjC2";
			};
			name = Release;
		};
/* End XCBuildConfiguration section */

/* Begin XCConfigurationList section */
		3E9623271AEFA24600166234 /* Build configuration list for PBXProject "TestZeroMQObjC2" */ = {
			isa = XCConfigurationList;
			buildConfigurations = (
				3E96234D1AEFA24600166234 /* Debug */,
				3E96234E1AEFA24600166234 /* Release */,
			);
			defaultConfigurationIsVisible = 0;
			defaultConfigurationName = Release;
		};
		3E96234F1AEFA24600166234 /* Build configuration list for PBXNativeTarget "TestZeroMQObjC2" */ = {
			isa = XCConfigurationList;
			buildConfigurations = (
				3E9623501AEFA24600166234 /* Debug */,
				3E9623511AEFA24600166234 /* Release */,
			);
			defaultConfigurationIsVisible = 0;
			defaultConfigurationName = Release;
		};
		3E9623521AEFA24600166234 /* Build configuration list for PBXNativeTarget "TestZeroMQObjC2Tests" */ = {
			isa = XCConfigurationList;
			buildConfigurations = (
				3E9623531AEFA24600166234 /* Debug */,
				3E9623541AEFA24600166234 /* Release */,
			);
			defaultConfigurationIsVisible = 0;
			defaultConfigurationName = Release;
		};
/* End XCConfigurationList section */
	};
	rootObject = 3E9623241AEFA24600166234 /* Project object */;
}
